PODS:
  - BPBleOTA (0.7.0):
    - iOSDFULibrary (~> 4.15.3)
    - iOSMcuManagerLibrary (~> 1.6.0)
  - FBSnapshotTestCase (2.1.4):
    - FBSnapshotTestCase/SwiftSupport (= 2.1.4)
  - FBSnapshotTestCase/Core (2.1.4)
  - FBSnapshotTestCase/SwiftSupport (2.1.4):
    - FBSnapshotTestCase/Core
  - iOSDFULibrary (4.15.3):
    - ZIPFoundation (= 0.9.19)
  - iOSMcuManagerLibrary (1.6):
    - SwiftCBOR (= 0.4.4)
  - MBProgressHUD (1.2.0)
  - SwiftCBOR (0.4.4)
  - ZIPFoundation (0.9.19)

DEPENDENCIES:
  - BPBleOTA (from `../`)
  - FBSnapshotTestCase (~> 2.1.4)
  - MBProgressHUD

SPEC REPOS:
  trunk:
    - FBSnapshotTestCase
    - iOSDFULibrary
    - iOSMcuManagerLibrary
    - MBProgressHUD
    - SwiftCBOR
    - ZIPFoundation

EXTERNAL SOURCES:
  BPBleOTA:
    :path: "../"

SPEC CHECKSUMS:
  BPBleOTA: a89dcc9e53f061e5625cbed9e0625fa857188142
  FBSnapshotTestCase: 094f9f314decbabe373b87cc339bea235a63e07a
  iOSDFULibrary: ef7e1fbb3fc7a5fabd106297a9cd0e775bcfcec6
  iOSMcuManagerLibrary: 4102a4595be1c69e5286d7f1520a733c82c30b0a
  MBProgressHUD: 3ee5efcc380f6a79a7cc9b363dd669c5e1ae7406
  SwiftCBOR: ce5354ec8b660da2d6fc754462881119dbe1f963
  ZIPFoundation: b8c29ea7ae353b309bc810586181fd073cb3312c

PODFILE CHECKSUM: 7f33a37da9d9ad5f7ce257f82b2ad95468d965e5

COCOAPODS: 1.13.0
