PODS:
  - BPBleOTA (0.4.0):
    - iOSDFULibrary
    - iOSMcuManagerLibrary
  - FBSnapshotTestCase (2.1.4):
    - FBSnapshotTestCase/SwiftSupport (= 2.1.4)
  - FBSnapshotTestCase/Core (2.1.4)
  - FBSnapshotTestCase/SwiftSupport (2.1.4):
    - FBSnapshotTestCase/Core
  - iOSDFULibrary (4.13.0):
    - ZIPFoundation (= 0.9.11)
  - iOSMcuManagerLibrary (1.3):
    - SwiftCBOR (= 0.4.4)
  - MBProgressHUD (1.2.0)
  - SwiftCBOR (0.4.4)
  - ZIPFoundation (0.9.11)

DEPENDENCIES:
  - BPBleOTA (from `../`)
  - FBSnapshotTestCase (~> 2.1.4)
  - MBProgressHUD

SPEC REPOS:
  trunk:
    - FBSnapshotTestCase
    - iOSDFULibrary
    - iOSMcuManagerLibrary
    - MBProgressHUD
    - SwiftCBOR
    - ZIPFoundation

EXTERNAL SOURCES:
  BPBleOTA:
    :path: "../"

SPEC CHECKSUMS:
  BPBleOTA: f04806ef3ef7be868d58113b4a7b660c1b39974e
  FBSnapshotTestCase: 094f9f314decbabe373b87cc339bea235a63e07a
  iOSDFULibrary: 3b9de67ed4bfb901b5f09c2fea843f65e152612d
  iOSMcuManagerLibrary: d5207f03fbc43e64e194ee4c36a08dececb4a06c
  MBProgressHUD: 3ee5efcc380f6a79a7cc9b363dd669c5e1ae7406
  SwiftCBOR: ce5354ec8b660da2d6fc754462881119dbe1f963
  ZIPFoundation: b1f0de4eed33e74a676f76e12559ab6b75990197

PODFILE CHECKSUM: 7dce99cf788d270393a78cc90788469d318871fa

COCOAPODS: 1.11.3
